// !$*UTF8*$!
{
	archiveVersion = 1;
	classes = {
	};
	objectVersion = 50;
	objects = {

/* Begin PBXBuildFile section */
		6706542823D4002100B3D468 /* ProjectNavigatorRepository.swift in Sources */ = {isa = PBXBuildFile; fileRef = 6706542723D4002100B3D468 /* ProjectNavigatorRepository.swift */; };
		6706542A23D4003500B3D468 /* ProjectNabigatorViewModel.swift in Sources */ = {isa = PBXBuildFile; fileRef = 6706542923D4003500B3D468 /* ProjectNabigatorViewModel.swift */; };
		6706542F23D4C49500B3D468 /* Abstraction+CoreDataClass.swift in Sources */ = {isa = PBXBuildFile; fileRef = 6706542D23D4C49500B3D468 /* Abstraction+CoreDataClass.swift */; };
		6706543023D4C49500B3D468 /* Abstraction+CoreDataProperties.swift in Sources */ = {isa = PBXBuildFile; fileRef = 6706542E23D4C49500B3D468 /* Abstraction+CoreDataProperties.swift */; };
		6706543323D4CA7E00B3D468 /* NSObject.swift in Sources */ = {isa = PBXBuildFile; fileRef = 6706543223D4CA7E00B3D468 /* NSObject.swift */; };
		6734922723D3AF2A00CC4DF3 /* AppDelegate.swift in Sources */ = {isa = PBXBuildFile; fileRef = 6734922623D3AF2A00CC4DF3 /* AppDelegate.swift */; };
		6734922923D3AF2A00CC4DF3 /* MainScreenController.swift in Sources */ = {isa = PBXBuildFile; fileRef = 6734922823D3AF2A00CC4DF3 /* MainScreenController.swift */; };
		6734922C23D3AF2B00CC4DF3 /* QuestPlaner.xcdatamodeld in Sources */ = {isa = PBXBuildFile; fileRef = 6734922A23D3AF2B00CC4DF3 /* QuestPlaner.xcdatamodeld */; };
		6734922E23D3AF2C00CC4DF3 /* Assets.xcassets in Resources */ = {isa = PBXBuildFile; fileRef = 6734922D23D3AF2C00CC4DF3 /* Assets.xcassets */; };
		6734923123D3AF2C00CC4DF3 /* Main.storyboard in Resources */ = {isa = PBXBuildFile; fileRef = 6734922F23D3AF2C00CC4DF3 /* Main.storyboard */; };
		6734923A23D3BB9200CC4DF3 /* ProjectNavigatorPresenter.swift in Sources */ = {isa = PBXBuildFile; fileRef = 6734923923D3BB9200CC4DF3 /* ProjectNavigatorPresenter.swift */; };
		673B840B23D3CBFE002EA6B9 /* EntityTableCell.swift in Sources */ = {isa = PBXBuildFile; fileRef = 673B840A23D3CBFE002EA6B9 /* EntityTableCell.swift */; };
		675293AA23D3EB610029D692 /* DataStoreManager.swift in Sources */ = {isa = PBXBuildFile; fileRef = 675293A923D3EB610029D692 /* DataStoreManager.swift */; };
		675293B423D3F08A0029D692 /* Character+CoreDataClass.swift in Sources */ = {isa = PBXBuildFile; fileRef = 675293AC23D3F08A0029D692 /* Character+CoreDataClass.swift */; };
		675293B523D3F08A0029D692 /* Character+CoreDataProperties.swift in Sources */ = {isa = PBXBuildFile; fileRef = 675293AD23D3F08A0029D692 /* Character+CoreDataProperties.swift */; };
		675293B823D3F08A0029D692 /* StoryElement+CoreDataClass.swift in Sources */ = {isa = PBXBuildFile; fileRef = 675293B023D3F08A0029D692 /* StoryElement+CoreDataClass.swift */; };
		675293B923D3F08A0029D692 /* StoryElement+CoreDataProperties.swift in Sources */ = {isa = PBXBuildFile; fileRef = 675293B123D3F08A0029D692 /* StoryElement+CoreDataProperties.swift */; };
		675293BA23D3F08A0029D692 /* IngameEntity+CoreDataClass.swift in Sources */ = {isa = PBXBuildFile; fileRef = 675293B223D3F08A0029D692 /* IngameEntity+CoreDataClass.swift */; };
		675293BB23D3F08A0029D692 /* IngameEntity+CoreDataProperties.swift in Sources */ = {isa = PBXBuildFile; fileRef = 675293B323D3F08A0029D692 /* IngameEntity+CoreDataProperties.swift */; };
/* End PBXBuildFile section */

/* Begin PBXFileReference section */
		6706542723D4002100B3D468 /* ProjectNavigatorRepository.swift */ = {isa = PBXFileReference; lastKnownFileType = sourcecode.swift; path = ProjectNavigatorRepository.swift; sourceTree = "<group>"; };
		6706542923D4003500B3D468 /* ProjectNabigatorViewModel.swift */ = {isa = PBXFileReference; lastKnownFileType = sourcecode.swift; path = ProjectNabigatorViewModel.swift; sourceTree = "<group>"; };
		6706542D23D4C49500B3D468 /* Abstraction+CoreDataClass.swift */ = {isa = PBXFileReference; lastKnownFileType = sourcecode.swift; path = "Abstraction+CoreDataClass.swift"; sourceTree = "<group>"; };
		6706542E23D4C49500B3D468 /* Abstraction+CoreDataProperties.swift */ = {isa = PBXFileReference; lastKnownFileType = sourcecode.swift; path = "Abstraction+CoreDataProperties.swift"; sourceTree = "<group>"; };
		6706543223D4CA7E00B3D468 /* NSObject.swift */ = {isa = PBXFileReference; lastKnownFileType = sourcecode.swift; path = NSObject.swift; sourceTree = "<group>"; };
		6734922323D3AF2A00CC4DF3 /* QuestPlaner.app */ = {isa = PBXFileReference; explicitFileType = wrapper.application; includeInIndex = 0; path = QuestPlaner.app; sourceTree = BUILT_PRODUCTS_DIR; };
		6734922623D3AF2A00CC4DF3 /* AppDelegate.swift */ = {isa = PBXFileReference; lastKnownFileType = sourcecode.swift; path = AppDelegate.swift; sourceTree = "<group>"; };
		6734922823D3AF2A00CC4DF3 /* MainScreenController.swift */ = {isa = PBXFileReference; lastKnownFileType = sourcecode.swift; path = MainScreenController.swift; sourceTree = "<group>"; };
		6734922B23D3AF2B00CC4DF3 /* QuestPlaner.xcdatamodel */ = {isa = PBXFileReference; lastKnownFileType = wrapper.xcdatamodel; path = QuestPlaner.xcdatamodel; sourceTree = "<group>"; };
		6734922D23D3AF2C00CC4DF3 /* Assets.xcassets */ = {isa = PBXFileReference; lastKnownFileType = folder.assetcatalog; path = Assets.xcassets; sourceTree = "<group>"; };
		6734923023D3AF2C00CC4DF3 /* Base */ = {isa = PBXFileReference; lastKnownFileType = file.storyboard; name = Base; path = Base.lproj/Main.storyboard; sourceTree = "<group>"; };
		6734923223D3AF2C00CC4DF3 /* Info.plist */ = {isa = PBXFileReference; lastKnownFileType = text.plist.xml; path = Info.plist; sourceTree = "<group>"; };
		6734923323D3AF2C00CC4DF3 /* QuestPlaner.entitlements */ = {isa = PBXFileReference; lastKnownFileType = text.plist.entitlements; path = QuestPlaner.entitlements; sourceTree = "<group>"; };
		6734923923D3BB9200CC4DF3 /* ProjectNavigatorPresenter.swift */ = {isa = PBXFileReference; lastKnownFileType = sourcecode.swift; path = ProjectNavigatorPresenter.swift; sourceTree = "<group>"; };
		673B840A23D3CBFE002EA6B9 /* EntityTableCell.swift */ = {isa = PBXFileReference; lastKnownFileType = sourcecode.swift; path = EntityTableCell.swift; sourceTree = "<group>"; };
		675293A923D3EB610029D692 /* DataStoreManager.swift */ = {isa = PBXFileReference; lastKnownFileType = sourcecode.swift; path = DataStoreManager.swift; sourceTree = "<group>"; };
		675293AC23D3F08A0029D692 /* Character+CoreDataClass.swift */ = {isa = PBXFileReference; lastKnownFileType = sourcecode.swift; path = "Character+CoreDataClass.swift"; sourceTree = "<group>"; };
		675293AD23D3F08A0029D692 /* Character+CoreDataProperties.swift */ = {isa = PBXFileReference; lastKnownFileType = sourcecode.swift; path = "Character+CoreDataProperties.swift"; sourceTree = "<group>"; };
		675293B023D3F08A0029D692 /* StoryElement+CoreDataClass.swift */ = {isa = PBXFileReference; lastKnownFileType = sourcecode.swift; path = "StoryElement+CoreDataClass.swift"; sourceTree = "<group>"; };
		675293B123D3F08A0029D692 /* StoryElement+CoreDataProperties.swift */ = {isa = PBXFileReference; lastKnownFileType = sourcecode.swift; path = "StoryElement+CoreDataProperties.swift"; sourceTree = "<group>"; };
		675293B223D3F08A0029D692 /* IngameEntity+CoreDataClass.swift */ = {isa = PBXFileReference; lastKnownFileType = sourcecode.swift; path = "IngameEntity+CoreDataClass.swift"; sourceTree = "<group>"; };
		675293B323D3F08A0029D692 /* IngameEntity+CoreDataProperties.swift */ = {isa = PBXFileReference; lastKnownFileType = sourcecode.swift; path = "IngameEntity+CoreDataProperties.swift"; sourceTree = "<group>"; };
/* End PBXFileReference section */

/* Begin PBXFrameworksBuildPhase section */
		6734922023D3AF2A00CC4DF3 /* Frameworks */ = {
			isa = PBXFrameworksBuildPhase;
			buildActionMask = 2147483647;
			files = (
			);
			runOnlyForDeploymentPostprocessing = 0;
		};
/* End PBXFrameworksBuildPhase section */

/* Begin PBXGroup section */
		6706543123D4CA6900B3D468 /* Extensions */ = {
			isa = PBXGroup;
			children = (
				6706543223D4CA7E00B3D468 /* NSObject.swift */,
			);
			path = Extensions;
			sourceTree = "<group>";
		};
		6734921A23D3AF2A00CC4DF3 = {
			isa = PBXGroup;
			children = (
				6734922523D3AF2A00CC4DF3 /* QuestPlaner */,
				6734922423D3AF2A00CC4DF3 /* Products */,
			);
			sourceTree = "<group>";
		};
		6734922423D3AF2A00CC4DF3 /* Products */ = {
			isa = PBXGroup;
			children = (
				6734922323D3AF2A00CC4DF3 /* QuestPlaner.app */,
			);
			name = Products;
			sourceTree = "<group>";
		};
		6734922523D3AF2A00CC4DF3 /* QuestPlaner */ = {
			isa = PBXGroup;
			children = (
				6706543123D4CA6900B3D468 /* Extensions */,
				675293A823D3EB4E0029D692 /* Services */,
				6734923B23D3BB9B00CC4DF3 /* Flow */,
				6734922623D3AF2A00CC4DF3 /* AppDelegate.swift */,
				6734922D23D3AF2C00CC4DF3 /* Assets.xcassets */,
				6734922F23D3AF2C00CC4DF3 /* Main.storyboard */,
				6734923223D3AF2C00CC4DF3 /* Info.plist */,
				6734923323D3AF2C00CC4DF3 /* QuestPlaner.entitlements */,
				6734922A23D3AF2B00CC4DF3 /* QuestPlaner.xcdatamodeld */,
			);
			path = QuestPlaner;
			sourceTree = "<group>";
		};
		6734923B23D3BB9B00CC4DF3 /* Flow */ = {
			isa = PBXGroup;
			children = (
				6734923D23D3BC4200CC4DF3 /* MainScreen */,
				6734923C23D3BBA400CC4DF3 /* ProjectNavigator */,
			);
			path = Flow;
			sourceTree = "<group>";
		};
		6734923C23D3BBA400CC4DF3 /* ProjectNavigator */ = {
			isa = PBXGroup;
			children = (
				673B840A23D3CBFE002EA6B9 /* EntityTableCell.swift */,
				6706542923D4003500B3D468 /* ProjectNabigatorViewModel.swift */,
				6734923923D3BB9200CC4DF3 /* ProjectNavigatorPresenter.swift */,
				6706542723D4002100B3D468 /* ProjectNavigatorRepository.swift */,
			);
			path = ProjectNavigator;
			sourceTree = "<group>";
		};
		6734923D23D3BC4200CC4DF3 /* MainScreen */ = {
			isa = PBXGroup;
			children = (
				6734922823D3AF2A00CC4DF3 /* MainScreenController.swift */,
			);
			path = MainScreen;
			sourceTree = "<group>";
		};
		675293A823D3EB4E0029D692 /* Services */ = {
			isa = PBXGroup;
			children = (
				675293AB23D3EF700029D692 /* DataStorage */,
			);
			path = Services;
			sourceTree = "<group>";
		};
		675293AB23D3EF700029D692 /* DataStorage */ = {
			isa = PBXGroup;
			children = (
				675293BC23D3F0A50029D692 /* Models */,
				675293A923D3EB610029D692 /* DataStoreManager.swift */,
			);
			path = DataStorage;
			sourceTree = "<group>";
		};
		675293BC23D3F0A50029D692 /* Models */ = {
			isa = PBXGroup;
			children = (
				6706542D23D4C49500B3D468 /* Abstraction+CoreDataClass.swift */,
				6706542E23D4C49500B3D468 /* Abstraction+CoreDataProperties.swift */,
				675293AC23D3F08A0029D692 /* Character+CoreDataClass.swift */,
				675293AD23D3F08A0029D692 /* Character+CoreDataProperties.swift */,
				675293B023D3F08A0029D692 /* StoryElement+CoreDataClass.swift */,
				675293B123D3F08A0029D692 /* StoryElement+CoreDataProperties.swift */,
				675293B223D3F08A0029D692 /* IngameEntity+CoreDataClass.swift */,
				675293B323D3F08A0029D692 /* IngameEntity+CoreDataProperties.swift */,
			);
			path = Models;
			sourceTree = "<group>";
		};
/* End PBXGroup section */

/* Begin PBXNativeTarget section */
		6734922223D3AF2A00CC4DF3 /* QuestPlaner */ = {
			isa = PBXNativeTarget;
			buildConfigurationList = 6734923623D3AF2C00CC4DF3 /* Build configuration list for PBXNativeTarget "QuestPlaner" */;
			buildPhases = (
				6734921F23D3AF2A00CC4DF3 /* Sources */,
				6734922023D3AF2A00CC4DF3 /* Frameworks */,
				6734922123D3AF2A00CC4DF3 /* Resources */,
			);
			buildRules = (
			);
			dependencies = (
			);
			name = QuestPlaner;
			productName = QuestPlaner;
			productReference = 6734922323D3AF2A00CC4DF3 /* QuestPlaner.app */;
			productType = "com.apple.product-type.application";
		};
/* End PBXNativeTarget section */

/* Begin PBXProject section */
		6734921B23D3AF2A00CC4DF3 /* Project object */ = {
			isa = PBXProject;
			attributes = {
				LastSwiftUpdateCheck = 1130;
				LastUpgradeCheck = 1130;
				ORGANIZATIONNAME = Serhii.Lomov;
				TargetAttributes = {
					6734922223D3AF2A00CC4DF3 = {
						CreatedOnToolsVersion = 11.3.1;
					};
				};
			};
			buildConfigurationList = 6734921E23D3AF2A00CC4DF3 /* Build configuration list for PBXProject "QuestPlaner" */;
			compatibilityVersion = "Xcode 9.3";
			developmentRegion = en;
			hasScannedForEncodings = 0;
			knownRegions = (
				en,
				Base,
			);
			mainGroup = 6734921A23D3AF2A00CC4DF3;
			productRefGroup = 6734922423D3AF2A00CC4DF3 /* Products */;
			projectDirPath = "";
			projectRoot = "";
			targets = (
				6734922223D3AF2A00CC4DF3 /* QuestPlaner */,
			);
		};
/* End PBXProject section */

/* Begin PBXResourcesBuildPhase section */
		6734922123D3AF2A00CC4DF3 /* Resources */ = {
			isa = PBXResourcesBuildPhase;
			buildActionMask = 2147483647;
			files = (
				6734922E23D3AF2C00CC4DF3 /* Assets.xcassets in Resources */,
				6734923123D3AF2C00CC4DF3 /* Main.storyboard in Resources */,
			);
			runOnlyForDeploymentPostprocessing = 0;
		};
/* End PBXResourcesBuildPhase section */

/* Begin PBXSourcesBuildPhase section */
		6734921F23D3AF2A00CC4DF3 /* Sources */ = {
			isa = PBXSourcesBuildPhase;
			buildActionMask = 2147483647;
			files = (
				6706542F23D4C49500B3D468 /* Abstraction+CoreDataClass.swift in Sources */,
				6734922923D3AF2A00CC4DF3 /* MainScreenController.swift in Sources */,
				675293B523D3F08A0029D692 /* Character+CoreDataProperties.swift in Sources */,
				673B840B23D3CBFE002EA6B9 /* EntityTableCell.swift in Sources */,
				6706543023D4C49500B3D468 /* Abstraction+CoreDataProperties.swift in Sources */,
				6734922C23D3AF2B00CC4DF3 /* QuestPlaner.xcdatamodeld in Sources */,
				6706543323D4CA7E00B3D468 /* NSObject.swift in Sources */,
				675293B423D3F08A0029D692 /* Character+CoreDataClass.swift in Sources */,
				6706542823D4002100B3D468 /* ProjectNavigatorRepository.swift in Sources */,
				675293B923D3F08A0029D692 /* StoryElement+CoreDataProperties.swift in Sources */,
				6706542A23D4003500B3D468 /* ProjectNabigatorViewModel.swift in Sources */,
				6734922723D3AF2A00CC4DF3 /* AppDelegate.swift in Sources */,
				675293BB23D3F08A0029D692 /* IngameEntity+CoreDataProperties.swift in Sources */,
				675293BA23D3F08A0029D692 /* IngameEntity+CoreDataClass.swift in Sources */,
				6734923A23D3BB9200CC4DF3 /* ProjectNavigatorPresenter.swift in Sources */,
				675293AA23D3EB610029D692 /* DataStoreManager.swift in Sources */,
				675293B823D3F08A0029D692 /* StoryElement+CoreDataClass.swift in Sources */,
			);
			runOnlyForDeploymentPostprocessing = 0;
		};
/* End PBXSourcesBuildPhase section */

/* Begin PBXVariantGroup section */
		6734922F23D3AF2C00CC4DF3 /* Main.storyboard */ = {
			isa = PBXVariantGroup;
			children = (
				6734923023D3AF2C00CC4DF3 /* Base */,
			);
			name = Main.storyboard;
			sourceTree = "<group>";
		};
/* End PBXVariantGroup section */

/* Begin XCBuildConfiguration section */
		6734923423D3AF2C00CC4DF3 /* Debug */ = {
			isa = XCBuildConfiguration;
			buildSettings = {
				ALWAYS_SEARCH_USER_PATHS = NO;
				CLANG_ANALYZER_NONNULL = YES;
				CLANG_ANALYZER_NUMBER_OBJECT_CONVERSION = YES_AGGRESSIVE;
				CLANG_CXX_LANGUAGE_STANDARD = "gnu++14";
				CLANG_CXX_LIBRARY = "libc++";
				CLANG_ENABLE_MODULES = YES;
				CLANG_ENABLE_OBJC_ARC = YES;
				CLANG_ENABLE_OBJC_WEAK = YES;
				CLANG_WARN_BLOCK_CAPTURE_AUTORELEASING = YES;
				CLANG_WARN_BOOL_CONVERSION = YES;
				CLANG_WARN_COMMA = YES;
				CLANG_WARN_CONSTANT_CONVERSION = YES;
				CLANG_WARN_DEPRECATED_OBJC_IMPLEMENTATIONS = YES;
				CLANG_WARN_DIRECT_OBJC_ISA_USAGE = YES_ERROR;
				CLANG_WARN_DOCUMENTATION_COMMENTS = YES;
				CLANG_WARN_EMPTY_BODY = YES;
				CLANG_WARN_ENUM_CONVERSION = YES;
				CLANG_WARN_INFINITE_RECURSION = YES;
				CLANG_WARN_INT_CONVERSION = YES;
				CLANG_WARN_NON_LITERAL_NULL_CONVERSION = YES;
				CLANG_WARN_OBJC_IMPLICIT_RETAIN_SELF = YES;
				CLANG_WARN_OBJC_LITERAL_CONVERSION = YES;
				CLANG_WARN_OBJC_ROOT_CLASS = YES_ERROR;
				CLANG_WARN_RANGE_LOOP_ANALYSIS = YES;
				CLANG_WARN_STRICT_PROTOTYPES = YES;
				CLANG_WARN_SUSPICIOUS_MOVE = YES;
				CLANG_WARN_UNGUARDED_AVAILABILITY = YES_AGGRESSIVE;
				CLANG_WARN_UNREACHABLE_CODE = YES;
				CLANG_WARN__DUPLICATE_METHOD_MATCH = YES;
				COPY_PHASE_STRIP = NO;
				DEBUG_INFORMATION_FORMAT = dwarf;
				ENABLE_STRICT_OBJC_MSGSEND = YES;
				ENABLE_TESTABILITY = YES;
				GCC_C_LANGUAGE_STANDARD = gnu11;
				GCC_DYNAMIC_NO_PIC = NO;
				GCC_NO_COMMON_BLOCKS = YES;
				GCC_OPTIMIZATION_LEVEL = 0;
				GCC_PREPROCESSOR_DEFINITIONS = (
					"DEBUG=1",
					"$(inherited)",
				);
				GCC_WARN_64_TO_32_BIT_CONVERSION = YES;
				GCC_WARN_ABOUT_RETURN_TYPE = YES_ERROR;
				GCC_WARN_UNDECLARED_SELECTOR = YES;
				GCC_WARN_UNINITIALIZED_AUTOS = YES_AGGRESSIVE;
				GCC_WARN_UNUSED_FUNCTION = YES;
				GCC_WARN_UNUSED_VARIABLE = YES;
				MACOSX_DEPLOYMENT_TARGET = 10.14;
				MTL_ENABLE_DEBUG_INFO = INCLUDE_SOURCE;
				MTL_FAST_MATH = YES;
				ONLY_ACTIVE_ARCH = YES;
				SDKROOT = macosx;
				SWIFT_ACTIVE_COMPILATION_CONDITIONS = DEBUG;
				SWIFT_OPTIMIZATION_LEVEL = "-Onone";
			};
			name = Debug;
		};
		6734923523D3AF2C00CC4DF3 /* Release */ = {
			isa = XCBuildConfiguration;
			buildSettings = {
				ALWAYS_SEARCH_USER_PATHS = NO;
				CLANG_ANALYZER_NONNULL = YES;
				CLANG_ANALYZER_NUMBER_OBJECT_CONVERSION = YES_AGGRESSIVE;
				CLANG_CXX_LANGUAGE_STANDARD = "gnu++14";
				CLANG_CXX_LIBRARY = "libc++";
				CLANG_ENABLE_MODULES = YES;
				CLANG_ENABLE_OBJC_ARC = YES;
				CLANG_ENABLE_OBJC_WEAK = YES;
				CLANG_WARN_BLOCK_CAPTURE_AUTORELEASING = YES;
				CLANG_WARN_BOOL_CONVERSION = YES;
				CLANG_WARN_COMMA = YES;
				CLANG_WARN_CONSTANT_CONVERSION = YES;
				CLANG_WARN_DEPRECATED_OBJC_IMPLEMENTATIONS = YES;
				CLANG_WARN_DIRECT_OBJC_ISA_USAGE = YES_ERROR;
				CLANG_WARN_DOCUMENTATION_COMMENTS = YES;
				CLANG_WARN_EMPTY_BODY = YES;
				CLANG_WARN_ENUM_CONVERSION = YES;
				CLANG_WARN_INFINITE_RECURSION = YES;
				CLANG_WARN_INT_CONVERSION = YES;
				CLANG_WARN_NON_LITERAL_NULL_CONVERSION = YES;
				CLANG_WARN_OBJC_IMPLICIT_RETAIN_SELF = YES;
				CLANG_WARN_OBJC_LITERAL_CONVERSION = YES;
				CLANG_WARN_OBJC_ROOT_CLASS = YES_ERROR;
				CLANG_WARN_RANGE_LOOP_ANALYSIS = YES;
				CLANG_WARN_STRICT_PROTOTYPES = YES;
				CLANG_WARN_SUSPICIOUS_MOVE = YES;
				CLANG_WARN_UNGUARDED_AVAILABILITY = YES_AGGRESSIVE;
				CLANG_WARN_UNREACHABLE_CODE = YES;
				CLANG_WARN__DUPLICATE_METHOD_MATCH = YES;
				COPY_PHASE_STRIP = NO;
				DEBUG_INFORMATION_FORMAT = "dwarf-with-dsym";
				ENABLE_NS_ASSERTIONS = NO;
				ENABLE_STRICT_OBJC_MSGSEND = YES;
				GCC_C_LANGUAGE_STANDARD = gnu11;
				GCC_NO_COMMON_BLOCKS = YES;
				GCC_WARN_64_TO_32_BIT_CONVERSION = YES;
				GCC_WARN_ABOUT_RETURN_TYPE = YES_ERROR;
				GCC_WARN_UNDECLARED_SELECTOR = YES;
				GCC_WARN_UNINITIALIZED_AUTOS = YES_AGGRESSIVE;
				GCC_WARN_UNUSED_FUNCTION = YES;
				GCC_WARN_UNUSED_VARIABLE = YES;
				MACOSX_DEPLOYMENT_TARGET = 10.14;
				MTL_ENABLE_DEBUG_INFO = NO;
				MTL_FAST_MATH = YES;
				SDKROOT = macosx;
				SWIFT_COMPILATION_MODE = wholemodule;
				SWIFT_OPTIMIZATION_LEVEL = "-O";
			};
			name = Release;
		};
		6734923723D3AF2C00CC4DF3 /* Debug */ = {
			isa = XCBuildConfiguration;
			buildSettings = {
				ASSETCATALOG_COMPILER_APPICON_NAME = AppIcon;
				CODE_SIGN_ENTITLEMENTS = QuestPlaner/QuestPlaner.entitlements;
				CODE_SIGN_STYLE = Automatic;
				COMBINE_HIDPI_IMAGES = YES;
				INFOPLIST_FILE = QuestPlaner/Info.plist;
				LD_RUNPATH_SEARCH_PATHS = (
					"$(inherited)",
					"@executable_path/../Frameworks",
				);
				PRODUCT_BUNDLE_IDENTIFIER = SSP.QuestPlaner;
				PRODUCT_NAME = "$(TARGET_NAME)";
				SWIFT_VERSION = 5.0;
			};
			name = Debug;
		};
		6734923823D3AF2C00CC4DF3 /* Release */ = {
			isa = XCBuildConfiguration;
			buildSettings = {
				ASSETCATALOG_COMPILER_APPICON_NAME = AppIcon;
				CODE_SIGN_ENTITLEMENTS = QuestPlaner/QuestPlaner.entitlements;
				CODE_SIGN_STYLE = Automatic;
				COMBINE_HIDPI_IMAGES = YES;
				INFOPLIST_FILE = QuestPlaner/Info.plist;
				LD_RUNPATH_SEARCH_PATHS = (
					"$(inherited)",
					"@executable_path/../Frameworks",
				);
				PRODUCT_BUNDLE_IDENTIFIER = SSP.QuestPlaner;
				PRODUCT_NAME = "$(TARGET_NAME)";
				SWIFT_VERSION = 5.0;
			};
			name = Release;
		};
/* End XCBuildConfiguration section */

/* Begin XCConfigurationList section */
		6734921E23D3AF2A00CC4DF3 /* Build configuration list for PBXProject "QuestPlaner" */ = {
			isa = XCConfigurationList;
			buildConfigurations = (
				6734923423D3AF2C00CC4DF3 /* Debug */,
				6734923523D3AF2C00CC4DF3 /* Release */,
			);
			defaultConfigurationIsVisible = 0;
			defaultConfigurationName = Release;
		};
		6734923623D3AF2C00CC4DF3 /* Build configuration list for PBXNativeTarget "QuestPlaner" */ = {
			isa = XCConfigurationList;
			buildConfigurations = (
				6734923723D3AF2C00CC4DF3 /* Debug */,
				6734923823D3AF2C00CC4DF3 /* Release */,
			);
			defaultConfigurationIsVisible = 0;
			defaultConfigurationName = Release;
		};
/* End XCConfigurationList section */

/* Begin XCVersionGroup section */
		6734922A23D3AF2B00CC4DF3 /* QuestPlaner.xcdatamodeld */ = {
			isa = XCVersionGroup;
			children = (
				6734922B23D3AF2B00CC4DF3 /* QuestPlaner.xcdatamodel */,
			);
			currentVersion = 6734922B23D3AF2B00CC4DF3 /* QuestPlaner.xcdatamodel */;
			path = QuestPlaner.xcdatamodeld;
			sourceTree = "<group>";
			versionGroupType = wrapper.xcdatamodel;
		};
/* End XCVersionGroup section */
	};
	rootObject = 6734921B23D3AF2A00CC4DF3 /* Project object */;
}
